
Microsoft Visual Studio Solution File, Format Version 12.00
# Visual Studio Version 16
VisualStudioVersion = 16.0.33529.622
MinimumVisualStudioVersion = 10.0.40219.1
Project("{9A19103F-16F7-4668-BE54-9A1E7A4F7556}") = "NakliyeNet.Web", "NakliyeNet.Web\NakliyeNet.Web.csproj", "{DD5847E5-B297-44F0-AFE3-3B41AF0FC09F}"
EndProject
Project("{9A19103F-16F7-4668-BE54-9A1E7A4F7556}") = "NakliyeNet.Domain", "NakliyeNet.Domain\NakliyeNet.Domain.csproj", "{D091910D-44FD-4760-A97E-DC909C3DC3EC}"
EndProject
Project("{9A19103F-16F7-4668-BE54-9A1E7A4F7556}") = "NakliyeNet.Application", "NakliyeNet.Application\NakliyeNet.Application.csproj", "{1EDDE1DC-FC69-4857-91DE-26C3BCD2366F}"
EndProject
Project("{9A19103F-16F7-4668-BE54-9A1E7A4F7556}") = "NakliyeNet.Infrastructure", "NakliyeNet.Infrastructure\NakliyeNet.Infrastructure.csproj", "{F49EED58-1E4E-44F7-AD55-52542CF23E0A}"
EndProject
Global
	GlobalSection(SolutionConfigurationPlatforms) = preSolution
		Debug|Any CPU = Debug|Any CPU
		Release|Any CPU = Release|Any CPU
	EndGlobalSection
	GlobalSection(ProjectConfigurationPlatforms) = postSolution
		{DD5847E5-B297-44F0-AFE3-3B41AF0FC09F}.Debug|Any CPU.ActiveCfg = Debug|Any CPU
		{DD5847E5-B297-44F0-AFE3-3B41AF0FC09F}.Debug|Any CPU.Build.0 = Debug|Any CPU
		{DD5847E5-B297-44F0-AFE3-3B41AF0FC09F}.Release|Any CPU.ActiveCfg = Release|Any CPU
		{DD5847E5-B297-44F0-AFE3-3B41AF0FC09F}.Release|Any CPU.Build.0 = Release|Any CPU
		{D091910D-44FD-4760-A97E-DC909C3DC3EC}.Debug|Any CPU.ActiveCfg = Debug|Any CPU
		{D091910D-44FD-4760-A97E-DC909C3DC3EC}.Debug|Any CPU.Build.0 = Debug|Any CPU
		{D091910D-44FD-4760-A97E-DC909C3DC3EC}.Release|Any CPU.ActiveCfg = Release|Any CPU
		{D091910D-44FD-4760-A97E-DC909C3DC3EC}.Release|Any CPU.Build.0 = Release|Any CPU
		{1EDDE1DC-FC69-4857-91DE-26C3BCD2366F}.Debug|Any CPU.ActiveCfg = Debug|Any CPU
		{1EDDE1DC-FC69-4857-91DE-26C3BCD2366F}.Debug|Any CPU.Build.0 = Debug|Any CPU
		{1EDDE1DC-FC69-4857-91DE-26C3BCD2366F}.Release|Any CPU.ActiveCfg = Release|Any CPU
		{1EDDE1DC-FC69-4857-91DE-26C3BCD2366F}.Release|Any CPU.Build.0 = Release|Any CPU
		{F49EED58-1E4E-44F7-AD55-52542CF23E0A}.Debug|Any CPU.ActiveCfg = Debug|Any CPU
		{F49EED58-1E4E-44F7-AD55-52542CF23E0A}.Debug|Any CPU.Build.0 = Debug|Any CPU
		{F49EED58-1E4E-44F7-AD55-52542CF23E0A}.Release|Any CPU.ActiveCfg = Release|Any CPU
		{F49EED58-1E4E-44F7-AD55-52542CF23E0A}.Release|Any CPU.Build.0 = Release|Any CPU
	EndGlobalSection
	GlobalSection(SolutionProperties) = preSolution
		HideSolutionNode = FALSE
	EndGlobalSection
	GlobalSection(ExtensibilityGlobals) = postSolution
		SolutionGuid = {CAE12712-862E-47B2-88B4-75AE230FB1ED}
	EndGlobalSection
EndGlobal
